
Microsoft Visual Studio Solution File, Format Version 12.00
# Visual Studio 2012
Project("{FAE04EC0-301F-11D3-BF4B-00C04F79EFBC}") = "Dynamo-WPF", "Dynamo-WPF\Dynamo-WPF.csproj", "{6816607c-b8fe-46d4-9d03-94a66c1ebb16}"
EndProject
Global
	GlobalSection(SolutionConfigurationPlatforms) = preSolution
		Debug|Any CPU = Debug|Any CPU
		Release|Any CPU = Release|Any CPU
	EndGlobalSection
	GlobalSection(ProjectConfigurationPlatforms) = postSolution
		{6816607C-B8FE-46D4-9D03-94A66C1EBB16}.Debug|Any CPU.ActiveCfg = Debug|Any CPU
		{6816607C-B8FE-46D4-9D03-94A66C1EBB16}.Debug|Any CPU.Build.0 = Debug|Any CPU
		{6816607C-B8FE-46D4-9D03-94A66C1EBB16}.Release|Any CPU.ActiveCfg = Release|Any CPU
		{6816607C-B8FE-46D4-9D03-94A66C1EBB16}.Release|Any CPU.Build.0 = Release|Any CPU
	EndGlobalSection
EndGlobal
